<?xml version="1.0" encoding="utf-8"?>
<Project ToolsVersion="4.0" xmlns="http://schemas.microsoft.com/developer/msbuild/2003">
  <ItemGroup>
    <Filter Include="Quelldateien">
      <UniqueIdentifier>{4FC737F1-C7A5-4376-A066-2A32D752A2FF}</UniqueIdentifier>
      <Extensions>cpp;c;cc;cxx;c++;cppm;ixx;def;odl;idl;hpj;bat;asm;asmx</Extensions>
    </Filter>
    <Filter Include="Headerdateien">
      <UniqueIdentifier>{93995380-89BD-4b04-88EB-625FBE52EBFB}</UniqueIdentifier>
      <Extensions>h;hh;hpp;hxx;h++;hm;inl;inc;ipp;xsd</Extensions>
    </Filter>
    <Filter Include="Ressourcendateien">
      <UniqueIdentifier>{67DA6AB6-F800-4c08-8B7A-83BB121AAD01}</UniqueIdentifier>
      <Extensions>rc;ico;cur;bmp;dlg;rc2;rct;bin;rgs;gif;jpg;jpeg;jpe;resx;tiff;tif;png;wav;mfcribbon-ms</Extensions>
    </Filter>
  </ItemGroup>
  <ItemGroup>
    <ClCompile Include="..\atom.c">
      <Filter>Quelldateien</Filter>
    </ClCompile>
    <ClCompile Include="..\cond.c">
      <Filter>Quelldateien</Filter>
    </ClCompile>
    <ClCompile Include="..\dwarf.c">
      <Filter>Quelldateien</Filter>
    </ClCompile>
    <ClCompile Include="..\error.c">
      <Filter>Quelldateien</Filter>
    </ClCompile>
    <ClCompile Include="..\expr.c">
      <Filter>Quelldateien</Filter>
    </ClCompile>
    <ClCompile Include="..\hugeint.c">
      <Filter>Quelldateien</Filter>
    </ClCompile>
    <ClCompile Include="..\listing.c">
      <Filter>Quelldateien</Filter>
    </ClCompile>
    <ClCompile Include="..\osdep.c">
      <Filter>Quelldateien</Filter>
    </ClCompile>
    <ClCompile Include="..\output_aout.c">
      <Filter>Quelldateien</Filter>
    </ClCompile>
    <ClCompile Include="..\output_bin.c">
      <Filter>Quelldateien</Filter>
    </ClCompile>
    <ClCompile Include="..\output_cdef.c">
      <Filter>Quelldateien</Filter>
    </ClCompile>
    <ClCompile Include="..\output_elf.c">
      <Filter>Quelldateien</Filter>
    </ClCompile>
    <ClCompile Include="..\output_hunk.c">
      <Filter>Quelldateien</Filter>
    </ClCompile>
    <ClCompile Include="..\output_ihex.c">
      <Filter>Quelldateien</Filter>
    </ClCompile>
    <ClCompile Include="..\output_srec.c">
      <Filter>Quelldateien</Filter>
    </ClCompile>
    <ClCompile Include="..\output_test.c">
      <Filter>Quelldateien</Filter>
    </ClCompile>
    <ClCompile Include="..\output_tos.c">
      <Filter>Quelldateien</Filter>
    </ClCompile>
    <ClCompile Include="..\output_vobj.c">
      <Filter>Quelldateien</Filter>
    </ClCompile>
    <ClCompile Include="..\output_xfile.c">
      <Filter>Quelldateien</Filter>
    </ClCompile>
    <ClCompile Include="..\parse.c">
      <Filter>Quelldateien</Filter>
    </ClCompile>
    <ClCompile Include="..\reloc.c">
      <Filter>Quelldateien</Filter>
    </ClCompile>
    <ClCompile Include="..\source.c">
      <Filter>Quelldateien</Filter>
    </ClCompile>
    <ClCompile Include="..\supp.c">
      <Filter>Quelldateien</Filter>
    </ClCompile>
    <ClCompile Include="..\symbol.c">
      <Filter>Quelldateien</Filter>
    </ClCompile>
    <ClCompile Include="..\symtab.c">
      <Filter>Quelldateien</Filter>
    </ClCompile>
    <ClCompile Include="..\vasm.c">
      <Filter>Quelldateien</Filter>
    </ClCompile>
    <ClCompile Include="..\cpus\6502\cpu.c">
      <Filter>Quelldateien</Filter>
    </ClCompile>
    <ClCompile Include="..\syntax\oldstyle\syntax.c">
      <Filter>Quelldateien</Filter>
    </ClCompile>
    <ClCompile Include="..\output_o65.c">
      <Filter>Quelldateien</Filter>
    </ClCompile>
  </ItemGroup>
  <ItemGroup>
    <ClInclude Include="..\atom.h">
      <Filter>Headerdateien</Filter>
    </ClInclude>
    <ClInclude Include="..\cond.h">
      <Filter>Headerdateien</Filter>
    </ClInclude>
    <ClInclude Include="..\dwarf.h">
      <Filter>Headerdateien</Filter>
    </ClInclude>
    <ClInclude Include="..\elf_reloc_68k.h">
      <Filter>Headerdateien</Filter>
    </ClInclude>
    <ClInclude Include="..\elf_reloc_386.h">
      <Filter>Headerdateien</Filter>
    </ClInclude>
    <ClInclude Include="..\elf_reloc_arm.h">
      <Filter>Headerdateien</Filter>
    </ClInclude>
    <ClInclude Include="..\elf_reloc_jag.h">
      <Filter>Headerdateien</Filter>
    </ClInclude>
    <ClInclude Include="..\elf_reloc_ppc.h">
      <Filter>Headerdateien</Filter>
    </ClInclude>
    <ClInclude Include="..\elf_reloc_x86_64.h">
      <Filter>Headerdateien</Filter>
    </ClInclude>
    <ClInclude Include="..\error.h">
      <Filter>Headerdateien</Filter>
    </ClInclude>
    <ClInclude Include="..\expr.h">
      <Filter>Headerdateien</Filter>
    </ClInclude>
    <ClInclude Include="..\general_errors.h">
      <Filter>Headerdateien</Filter>
    </ClInclude>
    <ClInclude Include="..\hugeint.h">
      <Filter>Headerdateien</Filter>
    </ClInclude>
    <ClInclude Include="..\listing.h">
      <Filter>Headerdateien</Filter>
    </ClInclude>
    <ClInclude Include="..\osdep.h">
      <Filter>Headerdateien</Filter>
    </ClInclude>
    <ClInclude Include="..\output_aout.h">
      <Filter>Headerdateien</Filter>
    </ClInclude>
    <ClInclude Include="..\output_elf.h">
      <Filter>Headerdateien</Filter>
    </ClInclude>
    <ClInclude Include="..\output_errors.h">
      <Filter>Headerdateien</Filter>
    </ClInclude>
    <ClInclude Include="..\output_hunk.h">
      <Filter>Headerdateien</Filter>
    </ClInclude>
    <ClInclude Include="..\output_tos.h">
      <Filter>Headerdateien</Filter>
    </ClInclude>
    <ClInclude Include="..\output_xfile.h">
      <Filter>Headerdateien</Filter>
    </ClInclude>
    <ClInclude Include="..\parse.h">
      <Filter>Headerdateien</Filter>
    </ClInclude>
    <ClInclude Include="..\reloc.h">
      <Filter>Headerdateien</Filter>
    </ClInclude>
    <ClInclude Include="..\source.h">
      <Filter>Headerdateien</Filter>
    </ClInclude>
    <ClInclude Include="..\stabs.h">
      <Filter>Headerdateien</Filter>
    </ClInclude>
    <ClInclude Include="..\supp.h">
      <Filter>Headerdateien</Filter>
    </ClInclude>
    <ClInclude Include="..\symbol.h">
      <Filter>Headerdateien</Filter>
    </ClInclude>
    <ClInclude Include="..\symtab.h">
      <Filter>Headerdateien</Filter>
    </ClInclude>
    <ClInclude Include="..\tfloat.h">
      <Filter>Headerdateien</Filter>
    </ClInclude>
    <ClInclude Include="..\vasm.h">
      <Filter>Headerdateien</Filter>
    </ClInclude>
    <ClInclude Include="..\cpus\6502\cpu.h">
      <Filter>Headerdateien</Filter>
    </ClInclude>
    <ClInclude Include="..\cpus\6502\cpu_errors.h">
      <Filter>Headerdateien</Filter>
    </ClInclude>
    <ClInclude Include="..\cpus\6502\opcodes.h">
      <Filter>Headerdateien</Filter>
    </ClInclude>
    <ClInclude Include="..\syntax\oldstyle\syntax.h">
      <Filter>Headerdateien</Filter>
    </ClInclude>
    <ClInclude Include="..\syntax\oldstyle\syntax_errors.h">
      <Filter>Headerdateien</Filter>
    </ClInclude>
  </ItemGroup>
</Project>